
Microsoft Visual Studio Solution File, Format Version 12.00
# Visual Studio Version 17
VisualStudioVersion = 17.5.002.0
MinimumVisualStudioVersion = 10.0.40219.1
Project("{9A19103F-16F7-4668-BE54-9A1E7A4F7556}") = "AMS24_ClassObject", "AMS24_ClassObject.csproj", "{016C93AF-2CE9-4DC8-B202-FB012A09920C}"
EndProject
Global
	GlobalSection(SolutionConfigurationPlatforms) = preSolution
		Debug|Any CPU = Debug|Any CPU
		Release|Any CPU = Release|Any CPU
	EndGlobalSection
	GlobalSection(ProjectConfigurationPlatforms) = postSolution
		{016C93AF-2CE9-4DC8-B202-FB012A09920C}.Debug|Any CPU.ActiveCfg = Debug|Any CPU
		{016C93AF-2CE9-4DC8-B202-FB012A09920C}.Debug|Any CPU.Build.0 = Debug|Any CPU
		{016C93AF-2CE9-4DC8-B202-FB012A09920C}.Release|Any CPU.ActiveCfg = Release|Any CPU
		{016C93AF-2CE9-4DC8-B202-FB012A09920C}.Release|Any CPU.Build.0 = Release|Any CPU
	EndGlobalSection
	GlobalSection(SolutionProperties) = preSolution
		HideSolutionNode = FALSE
	EndGlobalSection
	GlobalSection(ExtensibilityGlobals) = postSolution
		SolutionGuid = {48A538B5-B9C8-4668-AB6D-94A904437CC2}
	EndGlobalSection
EndGlobal
